
Microsoft Visual Studio Solution File, Format Version 12.00
# Visual Studio Version 16
VisualStudioVersion = 16.0.30804.86
MinimumVisualStudioVersion = 10.0.40219.1
Project("{FAE04EC0-301F-11D3-BF4B-00C04F79EFBC}") = "shopRootsAdmin", "shopRootsAdmin\shopRootsAdmin.csproj", "{7D60C060-6A6E-4B37-AC11-E168D75EA6DA}"
EndProject
Project("{FAE04EC0-301F-11D3-BF4B-00C04F79EFBC}") = "shopRootsAdmin.core", "shopRootsAdmin.core\shopRootsAdmin.core.csproj", "{03D030A2-6704-4899-A121-E73214F4E117}"
EndProject
Project("{FAE04EC0-301F-11D3-BF4B-00C04F79EFBC}") = "shopRoots.infrastructure", "shopRoots.infrastructure\shopRoots.infrastructure.csproj", "{1048E5CE-230D-4CC0-875B-D2F19C1CCDB3}"
EndProject
Global
	GlobalSection(SolutionConfigurationPlatforms) = preSolution
		Debug|Any CPU = Debug|Any CPU
		Release|Any CPU = Release|Any CPU
	EndGlobalSection
	GlobalSection(ProjectConfigurationPlatforms) = postSolution
		{7D60C060-6A6E-4B37-AC11-E168D75EA6DA}.Debug|Any CPU.ActiveCfg = Debug|Any CPU
		{7D60C060-6A6E-4B37-AC11-E168D75EA6DA}.Debug|Any CPU.Build.0 = Debug|Any CPU
		{7D60C060-6A6E-4B37-AC11-E168D75EA6DA}.Release|Any CPU.ActiveCfg = Release|Any CPU
		{7D60C060-6A6E-4B37-AC11-E168D75EA6DA}.Release|Any CPU.Build.0 = Release|Any CPU
		{03D030A2-6704-4899-A121-E73214F4E117}.Debug|Any CPU.ActiveCfg = Debug|Any CPU
		{03D030A2-6704-4899-A121-E73214F4E117}.Debug|Any CPU.Build.0 = Debug|Any CPU
		{03D030A2-6704-4899-A121-E73214F4E117}.Release|Any CPU.ActiveCfg = Release|Any CPU
		{03D030A2-6704-4899-A121-E73214F4E117}.Release|Any CPU.Build.0 = Release|Any CPU
		{1048E5CE-230D-4CC0-875B-D2F19C1CCDB3}.Debug|Any CPU.ActiveCfg = Debug|Any CPU
		{1048E5CE-230D-4CC0-875B-D2F19C1CCDB3}.Debug|Any CPU.Build.0 = Debug|Any CPU
		{1048E5CE-230D-4CC0-875B-D2F19C1CCDB3}.Release|Any CPU.ActiveCfg = Release|Any CPU
		{1048E5CE-230D-4CC0-875B-D2F19C1CCDB3}.Release|Any CPU.Build.0 = Release|Any CPU
	EndGlobalSection
	GlobalSection(SolutionProperties) = preSolution
		HideSolutionNode = FALSE
	EndGlobalSection
	GlobalSection(ExtensibilityGlobals) = postSolution
		SolutionGuid = {94E9D47B-BAFF-4974-822C-6966F312DEF2}
	EndGlobalSection
EndGlobal
